
Microsoft Visual Studio Solution File, Format Version 12.00
# Visual Studio 15
VisualStudioVersion = 15.0.27428.2027
MinimumVisualStudioVersion = 10.0.40219.1
Project("{8BC9CEB8-8B4A-11D0-8D11-00A0C91BC942}") = "Ejercicio 1", "Ejercicio 1\Ejercicio 1.vcxproj", "{6CD333F3-B6D5-48D8-8372-5CF284029F83}"
EndProject
Project("{8BC9CEB8-8B4A-11D0-8D11-00A0C91BC942}") = "Ejercicio 2", "Ejercicio 2\Ejercicio 2.vcxproj", "{8EE176D1-F882-4972-81E6-34F80C93375B}"
EndProject
Project("{8BC9CEB8-8B4A-11D0-8D11-00A0C91BC942}") = "Ejercicio 3", "Ejercicio 3\Ejercicio 3.vcxproj", "{765A8A18-9100-4ADD-AFC1-35CE1C11A598}"
EndProject
Project("{8BC9CEB8-8B4A-11D0-8D11-00A0C91BC942}") = "Ejercicio 4", "Ejercicio 4\Ejercicio 4.vcxproj", "{7E2718ED-62C5-464E-8BE7-1316DD2CCBAB}"
EndProject
Project("{8BC9CEB8-8B4A-11D0-8D11-00A0C91BC942}") = "Ejercicio 5", "Ejercicio 5\Ejercicio 5.vcxproj", "{21D9F4EB-D508-4694-8D10-104A7E7717F3}"
EndProject
Project("{8BC9CEB8-8B4A-11D0-8D11-00A0C91BC942}") = "Ejercicio 6", "Ejercicio 6\Ejercicio 6.vcxproj", "{456979AA-2B3B-4B2A-8FA1-2D7925222D65}"
EndProject
Project("{8BC9CEB8-8B4A-11D0-8D11-00A0C91BC942}") = "Ejercicio 7", "Ejercicio 7\Ejercicio 7.vcxproj", "{A21664D6-ECFC-4D69-8C78-BDA48AAA120A}"
EndProject
Project("{8BC9CEB8-8B4A-11D0-8D11-00A0C91BC942}") = "Ejercicio 8", "Ejercicio 8\Ejercicio 8.vcxproj", "{F9A0F364-8FF8-4A1E-8B29-7D49CFEC6710}"
EndProject
Project("{8BC9CEB8-8B4A-11D0-8D11-00A0C91BC942}") = "Ejercicio 9", "Ejercicio 9\Ejercicio 9.vcxproj", "{49195C8C-35AE-49D1-8D86-9A1631C7B1B5}"
EndProject
Project("{8BC9CEB8-8B4A-11D0-8D11-00A0C91BC942}") = "Ejercicio 10", "Ejercicio 10\Ejercicio 10.vcxproj", "{62A02022-9FBB-4909-BEB4-752975F92EEB}"
EndProject
Project("{8BC9CEB8-8B4A-11D0-8D11-00A0C91BC942}") = "Ejercicio 11", "Ejercicio 11\Ejercicio 11.vcxproj", "{A9BF9E70-7B9E-40D8-A0A3-437A164CF57A}"
EndProject
Project("{8BC9CEB8-8B4A-11D0-8D11-00A0C91BC942}") = "Ejercicio 12", "Ejercicio 12\Ejercicio 12.vcxproj", "{D4E50C0B-5A72-4DB6-94CA-D6728817FF05}"
EndProject
Project("{8BC9CEB8-8B4A-11D0-8D11-00A0C91BC942}") = "Ejercicio 13", "Ejercicio 13\Ejercicio 13.vcxproj", "{DC4053A6-9D58-455A-92AF-330EE851C9BA}"
EndProject
Project("{8BC9CEB8-8B4A-11D0-8D11-00A0C91BC942}") = "Ejercicio 14", "Ejercicio 14\Ejercicio 14.vcxproj", "{AD1AAB76-CA2D-4498-802F-A19D7D856DAC}"
EndProject
Project("{8BC9CEB8-8B4A-11D0-8D11-00A0C91BC942}") = "Ejercicio 15", "Ejercicio 15\Ejercicio 15.vcxproj", "{7402EA85-0B80-4E6F-89BB-9E6D135A53EA}"
EndProject
Project("{8BC9CEB8-8B4A-11D0-8D11-00A0C91BC942}") = "Ejercicio 16", "Ejercicio 16\Ejercicio 16.vcxproj", "{6B960390-7DB8-435C-9447-043EFCAD8635}"
EndProject
Project("{8BC9CEB8-8B4A-11D0-8D11-00A0C91BC942}") = "Ejercicio 17", "Ejercicio 17\Ejercicio 17.vcxproj", "{49371E9B-855F-4E8E-9165-515ED2E79013}"
EndProject
Project("{8BC9CEB8-8B4A-11D0-8D11-00A0C91BC942}") = "Ejercicio 18", "Ejercicio 18\Ejercicio 18.vcxproj", "{E9A55445-E24E-4250-81D4-D8AB1C94455B}"
EndProject
Project("{8BC9CEB8-8B4A-11D0-8D11-00A0C91BC942}") = "Ejercicio A1", "Ejercicio extra\Ejercicio extra.vcxproj", "{B9AA33B9-6A8C-4A5D-A324-C87D394D8DB4}"
EndProject
Project("{8BC9CEB8-8B4A-11D0-8D11-00A0C91BC942}") = "Ejercicio A2", "Ejercicio A2\Ejercicio A2.vcxproj", "{6741FF4F-22C9-4C41-B845-D5ED2FF8684E}"
EndProject
Project("{8BC9CEB8-8B4A-11D0-8D11-00A0C91BC942}") = "Ejercicio A3", "Ejercicio A3\Ejercicio A3.vcxproj", "{CFC7FDA0-9424-4546-B247-29FFC2977E9E}"
EndProject
Project("{8BC9CEB8-8B4A-11D0-8D11-00A0C91BC942}") = "Ejercicio A4", "Ejercicio A4\Ejercicio A4.vcxproj", "{60438699-5940-4931-A2DB-407D3AA746B8}"
EndProject
Project("{8BC9CEB8-8B4A-11D0-8D11-00A0C91BC942}") = "Ejercicio A5", "Ejercicio A5\Ejercicio A5.vcxproj", "{B0B32CE8-4C71-4254-A402-3793BA09C710}"
EndProject
Global
	GlobalSection(SolutionConfigurationPlatforms) = preSolution
		Debug|x64 = Debug|x64
		Debug|x86 = Debug|x86
		Release|x64 = Release|x64
		Release|x86 = Release|x86
	EndGlobalSection
	GlobalSection(ProjectConfigurationPlatforms) = postSolution
		{6CD333F3-B6D5-48D8-8372-5CF284029F83}.Debug|x64.ActiveCfg = Debug|x64
		{6CD333F3-B6D5-48D8-8372-5CF284029F83}.Debug|x64.Build.0 = Debug|x64
		{6CD333F3-B6D5-48D8-8372-5CF284029F83}.Debug|x86.ActiveCfg = Debug|Win32
		{6CD333F3-B6D5-48D8-8372-5CF284029F83}.Debug|x86.Build.0 = Debug|Win32
		{6CD333F3-B6D5-48D8-8372-5CF284029F83}.Release|x64.ActiveCfg = Release|x64
		{6CD333F3-B6D5-48D8-8372-5CF284029F83}.Release|x64.Build.0 = Release|x64
		{6CD333F3-B6D5-48D8-8372-5CF284029F83}.Release|x86.ActiveCfg = Release|Win32
		{6CD333F3-B6D5-48D8-8372-5CF284029F83}.Release|x86.Build.0 = Release|Win32
		{8EE176D1-F882-4972-81E6-34F80C93375B}.Debug|x64.ActiveCfg = Debug|x64
		{8EE176D1-F882-4972-81E6-34F80C93375B}.Debug|x64.Build.0 = Debug|x64
		{8EE176D1-F882-4972-81E6-34F80C93375B}.Debug|x86.ActiveCfg = Debug|Win32
		{8EE176D1-F882-4972-81E6-34F80C93375B}.Debug|x86.Build.0 = Debug|Win32
		{8EE176D1-F882-4972-81E6-34F80C93375B}.Release|x64.ActiveCfg = Release|x64
		{8EE176D1-F882-4972-81E6-34F80C93375B}.Release|x64.Build.0 = Release|x64
		{8EE176D1-F882-4972-81E6-34F80C93375B}.Release|x86.ActiveCfg = Release|Win32
		{8EE176D1-F882-4972-81E6-34F80C93375B}.Release|x86.Build.0 = Release|Win32
		{765A8A18-9100-4ADD-AFC1-35CE1C11A598}.Debug|x64.ActiveCfg = Debug|x64
		{765A8A18-9100-4ADD-AFC1-35CE1C11A598}.Debug|x64.Build.0 = Debug|x64
		{765A8A18-9100-4ADD-AFC1-35CE1C11A598}.Debug|x86.ActiveCfg = Debug|Win32
		{765A8A18-9100-4ADD-AFC1-35CE1C11A598}.Debug|x86.Build.0 = Debug|Win32
		{765A8A18-9100-4ADD-AFC1-35CE1C11A598}.Release|x64.ActiveCfg = Release|x64
		{765A8A18-9100-4ADD-AFC1-35CE1C11A598}.Release|x64.Build.0 = Release|x64
		{765A8A18-9100-4ADD-AFC1-35CE1C11A598}.Release|x86.ActiveCfg = Release|Win32
		{765A8A18-9100-4ADD-AFC1-35CE1C11A598}.Release|x86.Build.0 = Release|Win32
		{7E2718ED-62C5-464E-8BE7-1316DD2CCBAB}.Debug|x64.ActiveCfg = Debug|x64
		{7E2718ED-62C5-464E-8BE7-1316DD2CCBAB}.Debug|x64.Build.0 = Debug|x64
		{7E2718ED-62C5-464E-8BE7-1316DD2CCBAB}.Debug|x86.ActiveCfg = Debug|Win32
		{7E2718ED-62C5-464E-8BE7-1316DD2CCBAB}.Debug|x86.Build.0 = Debug|Win32
		{7E2718ED-62C5-464E-8BE7-1316DD2CCBAB}.Release|x64.ActiveCfg = Release|x64
		{7E2718ED-62C5-464E-8BE7-1316DD2CCBAB}.Release|x64.Build.0 = Release|x64
		{7E2718ED-62C5-464E-8BE7-1316DD2CCBAB}.Release|x86.ActiveCfg = Release|Win32
		{7E2718ED-62C5-464E-8BE7-1316DD2CCBAB}.Release|x86.Build.0 = Release|Win32
		{21D9F4EB-D508-4694-8D10-104A7E7717F3}.Debug|x64.ActiveCfg = Debug|x64
		{21D9F4EB-D508-4694-8D10-104A7E7717F3}.Debug|x64.Build.0 = Debug|x64
		{21D9F4EB-D508-4694-8D10-104A7E7717F3}.Debug|x86.ActiveCfg = Debug|Win32
		{21D9F4EB-D508-4694-8D10-104A7E7717F3}.Debug|x86.Build.0 = Debug|Win32
		{21D9F4EB-D508-4694-8D10-104A7E7717F3}.Release|x64.ActiveCfg = Release|x64
		{21D9F4EB-D508-4694-8D10-104A7E7717F3}.Release|x64.Build.0 = Release|x64
		{21D9F4EB-D508-4694-8D10-104A7E7717F3}.Release|x86.ActiveCfg = Release|Win32
		{21D9F4EB-D508-4694-8D10-104A7E7717F3}.Release|x86.Build.0 = Release|Win32
		{456979AA-2B3B-4B2A-8FA1-2D7925222D65}.Debug|x64.ActiveCfg = Debug|x64
		{456979AA-2B3B-4B2A-8FA1-2D7925222D65}.Debug|x64.Build.0 = Debug|x64
		{456979AA-2B3B-4B2A-8FA1-2D7925222D65}.Debug|x86.ActiveCfg = Debug|Win32
		{456979AA-2B3B-4B2A-8FA1-2D7925222D65}.Debug|x86.Build.0 = Debug|Win32
		{456979AA-2B3B-4B2A-8FA1-2D7925222D65}.Release|x64.ActiveCfg = Release|x64
		{456979AA-2B3B-4B2A-8FA1-2D7925222D65}.Release|x64.Build.0 = Release|x64
		{456979AA-2B3B-4B2A-8FA1-2D7925222D65}.Release|x86.ActiveCfg = Release|Win32
		{456979AA-2B3B-4B2A-8FA1-2D7925222D65}.Release|x86.Build.0 = Release|Win32
		{A21664D6-ECFC-4D69-8C78-BDA48AAA120A}.Debug|x64.ActiveCfg = Debug|x64
		{A21664D6-ECFC-4D69-8C78-BDA48AAA120A}.Debug|x64.Build.0 = Debug|x64
		{A21664D6-ECFC-4D69-8C78-BDA48AAA120A}.Debug|x86.ActiveCfg = Debug|Win32
		{A21664D6-ECFC-4D69-8C78-BDA48AAA120A}.Debug|x86.Build.0 = Debug|Win32
		{A21664D6-ECFC-4D69-8C78-BDA48AAA120A}.Release|x64.ActiveCfg = Release|x64
		{A21664D6-ECFC-4D69-8C78-BDA48AAA120A}.Release|x64.Build.0 = Release|x64
		{A21664D6-ECFC-4D69-8C78-BDA48AAA120A}.Release|x86.ActiveCfg = Release|Win32
		{A21664D6-ECFC-4D69-8C78-BDA48AAA120A}.Release|x86.Build.0 = Release|Win32
		{F9A0F364-8FF8-4A1E-8B29-7D49CFEC6710}.Debug|x64.ActiveCfg = Debug|x64
		{F9A0F364-8FF8-4A1E-8B29-7D49CFEC6710}.Debug|x64.Build.0 = Debug|x64
		{F9A0F364-8FF8-4A1E-8B29-7D49CFEC6710}.Debug|x86.ActiveCfg = Debug|Win32
		{F9A0F364-8FF8-4A1E-8B29-7D49CFEC6710}.Debug|x86.Build.0 = Debug|Win32
		{F9A0F364-8FF8-4A1E-8B29-7D49CFEC6710}.Release|x64.ActiveCfg = Release|x64
		{F9A0F364-8FF8-4A1E-8B29-7D49CFEC6710}.Release|x64.Build.0 = Release|x64
		{F9A0F364-8FF8-4A1E-8B29-7D49CFEC6710}.Release|x86.ActiveCfg = Release|Win32
		{F9A0F364-8FF8-4A1E-8B29-7D49CFEC6710}.Release|x86.Build.0 = Release|Win32
		{49195C8C-35AE-49D1-8D86-9A1631C7B1B5}.Debug|x64.ActiveCfg = Debug|x64
		{49195C8C-35AE-49D1-8D86-9A1631C7B1B5}.Debug|x64.Build.0 = Debug|x64
		{49195C8C-35AE-49D1-8D86-9A1631C7B1B5}.Debug|x86.ActiveCfg = Debug|Win32
		{49195C8C-35AE-49D1-8D86-9A1631C7B1B5}.Debug|x86.Build.0 = Debug|Win32
		{49195C8C-35AE-49D1-8D86-9A1631C7B1B5}.Release|x64.ActiveCfg = Release|x64
		{49195C8C-35AE-49D1-8D86-9A1631C7B1B5}.Release|x64.Build.0 = Release|x64
		{49195C8C-35AE-49D1-8D86-9A1631C7B1B5}.Release|x86.ActiveCfg = Release|Win32
		{49195C8C-35AE-49D1-8D86-9A1631C7B1B5}.Release|x86.Build.0 = Release|Win32
		{62A02022-9FBB-4909-BEB4-752975F92EEB}.Debug|x64.ActiveCfg = Debug|x64
		{62A02022-9FBB-4909-BEB4-752975F92EEB}.Debug|x64.Build.0 = Debug|x64
		{62A02022-9FBB-4909-BEB4-752975F92EEB}.Debug|x86.ActiveCfg = Debug|Win32
		{62A02022-9FBB-4909-BEB4-752975F92EEB}.Debug|x86.Build.0 = Debug|Win32
		{62A02022-9FBB-4909-BEB4-752975F92EEB}.Release|x64.ActiveCfg = Release|x64
		{62A02022-9FBB-4909-BEB4-752975F92EEB}.Release|x64.Build.0 = Release|x64
		{62A02022-9FBB-4909-BEB4-752975F92EEB}.Release|x86.ActiveCfg = Release|Win32
		{62A02022-9FBB-4909-BEB4-752975F92EEB}.Release|x86.Build.0 = Release|Win32
		{A9BF9E70-7B9E-40D8-A0A3-437A164CF57A}.Debug|x64.ActiveCfg = Debug|x64
		{A9BF9E70-7B9E-40D8-A0A3-437A164CF57A}.Debug|x64.Build.0 = Debug|x64
		{A9BF9E70-7B9E-40D8-A0A3-437A164CF57A}.Debug|x86.ActiveCfg = Debug|Win32
		{A9BF9E70-7B9E-40D8-A0A3-437A164CF57A}.Debug|x86.Build.0 = Debug|Win32
		{A9BF9E70-7B9E-40D8-A0A3-437A164CF57A}.Release|x64.ActiveCfg = Release|x64
		{A9BF9E70-7B9E-40D8-A0A3-437A164CF57A}.Release|x64.Build.0 = Release|x64
		{A9BF9E70-7B9E-40D8-A0A3-437A164CF57A}.Release|x86.ActiveCfg = Release|Win32
		{A9BF9E70-7B9E-40D8-A0A3-437A164CF57A}.Release|x86.Build.0 = Release|Win32
		{D4E50C0B-5A72-4DB6-94CA-D6728817FF05}.Debug|x64.ActiveCfg = Debug|x64
		{D4E50C0B-5A72-4DB6-94CA-D6728817FF05}.Debug|x64.Build.0 = Debug|x64
		{D4E50C0B-5A72-4DB6-94CA-D6728817FF05}.Debug|x86.ActiveCfg = Debug|Win32
		{D4E50C0B-5A72-4DB6-94CA-D6728817FF05}.Debug|x86.Build.0 = Debug|Win32
		{D4E50C0B-5A72-4DB6-94CA-D6728817FF05}.Release|x64.ActiveCfg = Release|x64
		{D4E50C0B-5A72-4DB6-94CA-D6728817FF05}.Release|x64.Build.0 = Release|x64
		{D4E50C0B-5A72-4DB6-94CA-D6728817FF05}.Release|x86.ActiveCfg = Release|Win32
		{D4E50C0B-5A72-4DB6-94CA-D6728817FF05}.Release|x86.Build.0 = Release|Win32
		{DC4053A6-9D58-455A-92AF-330EE851C9BA}.Debug|x64.ActiveCfg = Debug|x64
		{DC4053A6-9D58-455A-92AF-330EE851C9BA}.Debug|x64.Build.0 = Debug|x64
		{DC4053A6-9D58-455A-92AF-330EE851C9BA}.Debug|x86.ActiveCfg = Debug|Win32
		{DC4053A6-9D58-455A-92AF-330EE851C9BA}.Debug|x86.Build.0 = Debug|Win32
		{DC4053A6-9D58-455A-92AF-330EE851C9BA}.Release|x64.ActiveCfg = Release|x64
		{DC4053A6-9D58-455A-92AF-330EE851C9BA}.Release|x64.Build.0 = Release|x64
		{DC4053A6-9D58-455A-92AF-330EE851C9BA}.Release|x86.ActiveCfg = Release|Win32
		{DC4053A6-9D58-455A-92AF-330EE851C9BA}.Release|x86.Build.0 = Release|Win32
		{AD1AAB76-CA2D-4498-802F-A19D7D856DAC}.Debug|x64.ActiveCfg = Debug|x64
		{AD1AAB76-CA2D-4498-802F-A19D7D856DAC}.Debug|x64.Build.0 = Debug|x64
		{AD1AAB76-CA2D-4498-802F-A19D7D856DAC}.Debug|x86.ActiveCfg = Debug|Win32
		{AD1AAB76-CA2D-4498-802F-A19D7D856DAC}.Debug|x86.Build.0 = Debug|Win32
		{AD1AAB76-CA2D-4498-802F-A19D7D856DAC}.Release|x64.ActiveCfg = Release|x64
		{AD1AAB76-CA2D-4498-802F-A19D7D856DAC}.Release|x64.Build.0 = Release|x64
		{AD1AAB76-CA2D-4498-802F-A19D7D856DAC}.Release|x86.ActiveCfg = Release|Win32
		{AD1AAB76-CA2D-4498-802F-A19D7D856DAC}.Release|x86.Build.0 = Release|Win32
		{7402EA85-0B80-4E6F-89BB-9E6D135A53EA}.Debug|x64.ActiveCfg = Debug|x64
		{7402EA85-0B80-4E6F-89BB-9E6D135A53EA}.Debug|x64.Build.0 = Debug|x64
		{7402EA85-0B80-4E6F-89BB-9E6D135A53EA}.Debug|x86.ActiveCfg = Debug|Win32
		{7402EA85-0B80-4E6F-89BB-9E6D135A53EA}.Debug|x86.Build.0 = Debug|Win32
		{7402EA85-0B80-4E6F-89BB-9E6D135A53EA}.Release|x64.ActiveCfg = Release|x64
		{7402EA85-0B80-4E6F-89BB-9E6D135A53EA}.Release|x64.Build.0 = Release|x64
		{7402EA85-0B80-4E6F-89BB-9E6D135A53EA}.Release|x86.ActiveCfg = Release|Win32
		{7402EA85-0B80-4E6F-89BB-9E6D135A53EA}.Release|x86.Build.0 = Release|Win32
		{6B960390-7DB8-435C-9447-043EFCAD8635}.Debug|x64.ActiveCfg = Debug|x64
		{6B960390-7DB8-435C-9447-043EFCAD8635}.Debug|x64.Build.0 = Debug|x64
		{6B960390-7DB8-435C-9447-043EFCAD8635}.Debug|x86.ActiveCfg = Debug|Win32
		{6B960390-7DB8-435C-9447-043EFCAD8635}.Debug|x86.Build.0 = Debug|Win32
		{6B960390-7DB8-435C-9447-043EFCAD8635}.Release|x64.ActiveCfg = Release|x64
		{6B960390-7DB8-435C-9447-043EFCAD8635}.Release|x64.Build.0 = Release|x64
		{6B960390-7DB8-435C-9447-043EFCAD8635}.Release|x86.ActiveCfg = Release|Win32
		{6B960390-7DB8-435C-9447-043EFCAD8635}.Release|x86.Build.0 = Release|Win32
		{49371E9B-855F-4E8E-9165-515ED2E79013}.Debug|x64.ActiveCfg = Debug|x64
		{49371E9B-855F-4E8E-9165-515ED2E79013}.Debug|x64.Build.0 = Debug|x64
		{49371E9B-855F-4E8E-9165-515ED2E79013}.Debug|x86.ActiveCfg = Debug|Win32
		{49371E9B-855F-4E8E-9165-515ED2E79013}.Debug|x86.Build.0 = Debug|Win32
		{49371E9B-855F-4E8E-9165-515ED2E79013}.Release|x64.ActiveCfg = Release|x64
		{49371E9B-855F-4E8E-9165-515ED2E79013}.Release|x64.Build.0 = Release|x64
		{49371E9B-855F-4E8E-9165-515ED2E79013}.Release|x86.ActiveCfg = Release|Win32
		{49371E9B-855F-4E8E-9165-515ED2E79013}.Release|x86.Build.0 = Release|Win32
		{E9A55445-E24E-4250-81D4-D8AB1C94455B}.Debug|x64.ActiveCfg = Debug|x64
		{E9A55445-E24E-4250-81D4-D8AB1C94455B}.Debug|x64.Build.0 = Debug|x64
		{E9A55445-E24E-4250-81D4-D8AB1C94455B}.Debug|x86.ActiveCfg = Debug|Win32
		{E9A55445-E24E-4250-81D4-D8AB1C94455B}.Debug|x86.Build.0 = Debug|Win32
		{E9A55445-E24E-4250-81D4-D8AB1C94455B}.Release|x64.ActiveCfg = Release|x64
		{E9A55445-E24E-4250-81D4-D8AB1C94455B}.Release|x64.Build.0 = Release|x64
		{E9A55445-E24E-4250-81D4-D8AB1C94455B}.Release|x86.ActiveCfg = Release|Win32
		{E9A55445-E24E-4250-81D4-D8AB1C94455B}.Release|x86.Build.0 = Release|Win32
		{B9AA33B9-6A8C-4A5D-A324-C87D394D8DB4}.Debug|x64.ActiveCfg = Debug|x64
		{B9AA33B9-6A8C-4A5D-A324-C87D394D8DB4}.Debug|x64.Build.0 = Debug|x64
		{B9AA33B9-6A8C-4A5D-A324-C87D394D8DB4}.Debug|x86.ActiveCfg = Debug|Win32
		{B9AA33B9-6A8C-4A5D-A324-C87D394D8DB4}.Debug|x86.Build.0 = Debug|Win32
		{B9AA33B9-6A8C-4A5D-A324-C87D394D8DB4}.Release|x64.ActiveCfg = Release|x64
		{B9AA33B9-6A8C-4A5D-A324-C87D394D8DB4}.Release|x64.Build.0 = Release|x64
		{B9AA33B9-6A8C-4A5D-A324-C87D394D8DB4}.Release|x86.ActiveCfg = Release|Win32
		{B9AA33B9-6A8C-4A5D-A324-C87D394D8DB4}.Release|x86.Build.0 = Release|Win32
		{6741FF4F-22C9-4C41-B845-D5ED2FF8684E}.Debug|x64.ActiveCfg = Debug|x64
		{6741FF4F-22C9-4C41-B845-D5ED2FF8684E}.Debug|x64.Build.0 = Debug|x64
		{6741FF4F-22C9-4C41-B845-D5ED2FF8684E}.Debug|x86.ActiveCfg = Debug|Win32
		{6741FF4F-22C9-4C41-B845-D5ED2FF8684E}.Debug|x86.Build.0 = Debug|Win32
		{6741FF4F-22C9-4C41-B845-D5ED2FF8684E}.Release|x64.ActiveCfg = Release|x64
		{6741FF4F-22C9-4C41-B845-D5ED2FF8684E}.Release|x64.Build.0 = Release|x64
		{6741FF4F-22C9-4C41-B845-D5ED2FF8684E}.Release|x86.ActiveCfg = Release|Win32
		{6741FF4F-22C9-4C41-B845-D5ED2FF8684E}.Release|x86.Build.0 = Release|Win32
		{CFC7FDA0-9424-4546-B247-29FFC2977E9E}.Debug|x64.ActiveCfg = Debug|x64
		{CFC7FDA0-9424-4546-B247-29FFC2977E9E}.Debug|x64.Build.0 = Debug|x64
		{CFC7FDA0-9424-4546-B247-29FFC2977E9E}.Debug|x86.ActiveCfg = Debug|Win32
		{CFC7FDA0-9424-4546-B247-29FFC2977E9E}.Debug|x86.Build.0 = Debug|Win32
		{CFC7FDA0-9424-4546-B247-29FFC2977E9E}.Release|x64.ActiveCfg = Release|x64
		{CFC7FDA0-9424-4546-B247-29FFC2977E9E}.Release|x64.Build.0 = Release|x64
		{CFC7FDA0-9424-4546-B247-29FFC2977E9E}.Release|x86.ActiveCfg = Release|Win32
		{CFC7FDA0-9424-4546-B247-29FFC2977E9E}.Release|x86.Build.0 = Release|Win32
		{60438699-5940-4931-A2DB-407D3AA746B8}.Debug|x64.ActiveCfg = Debug|x64
		{60438699-5940-4931-A2DB-407D3AA746B8}.Debug|x64.Build.0 = Debug|x64
		{60438699-5940-4931-A2DB-407D3AA746B8}.Debug|x86.ActiveCfg = Debug|Win32
		{60438699-5940-4931-A2DB-407D3AA746B8}.Debug|x86.Build.0 = Debug|Win32
		{60438699-5940-4931-A2DB-407D3AA746B8}.Release|x64.ActiveCfg = Release|x64
		{60438699-5940-4931-A2DB-407D3AA746B8}.Release|x64.Build.0 = Release|x64
		{60438699-5940-4931-A2DB-407D3AA746B8}.Release|x86.ActiveCfg = Release|Win32
		{60438699-5940-4931-A2DB-407D3AA746B8}.Release|x86.Build.0 = Release|Win32
		{B0B32CE8-4C71-4254-A402-3793BA09C710}.Debug|x64.ActiveCfg = Debug|x64
		{B0B32CE8-4C71-4254-A402-3793BA09C710}.Debug|x64.Build.0 = Debug|x64
		{B0B32CE8-4C71-4254-A402-3793BA09C710}.Debug|x86.ActiveCfg = Debug|Win32
		{B0B32CE8-4C71-4254-A402-3793BA09C710}.Debug|x86.Build.0 = Debug|Win32
		{B0B32CE8-4C71-4254-A402-3793BA09C710}.Release|x64.ActiveCfg = Release|x64
		{B0B32CE8-4C71-4254-A402-3793BA09C710}.Release|x64.Build.0 = Release|x64
		{B0B32CE8-4C71-4254-A402-3793BA09C710}.Release|x86.ActiveCfg = Release|Win32
		{B0B32CE8-4C71-4254-A402-3793BA09C710}.Release|x86.Build.0 = Release|Win32
	EndGlobalSection
	GlobalSection(SolutionProperties) = preSolution
		HideSolutionNode = FALSE
	EndGlobalSection
	GlobalSection(ExtensibilityGlobals) = postSolution
		SolutionGuid = {CD6F114F-E4C0-44B4-BE5E-2E977EB429AD}
	EndGlobalSection
EndGlobal
